
Microsoft Visual Studio Solution File, Format Version 12.00
# Visual Studio Version 17
VisualStudioVersion = 17.10.35027.167
MinimumVisualStudioVersion = 10.0.40219.1
Project("{FAE04EC0-301F-11D3-BF4B-00C04F79EFBC}") = "C#Uber", "C#Uber\C#Uber.csproj", "{9AFAC06D-F07C-4C8B-A9E6-4F9A5F7EBF88}"
EndProject
Global
	GlobalSection(SolutionConfigurationPlatforms) = preSolution
		Debug|Any CPU = Debug|Any CPU
		Release|Any CPU = Release|Any CPU
	EndGlobalSection
	GlobalSection(ProjectConfigurationPlatforms) = postSolution
		{9AFAC06D-F07C-4C8B-A9E6-4F9A5F7EBF88}.Debug|Any CPU.ActiveCfg = Debug|Any CPU
		{9AFAC06D-F07C-4C8B-A9E6-4F9A5F7EBF88}.Debug|Any CPU.Build.0 = Debug|Any CPU
		{9AFAC06D-F07C-4C8B-A9E6-4F9A5F7EBF88}.Release|Any CPU.ActiveCfg = Release|Any CPU
		{9AFAC06D-F07C-4C8B-A9E6-4F9A5F7EBF88}.Release|Any CPU.Build.0 = Release|Any CPU
	EndGlobalSection
	GlobalSection(SolutionProperties) = preSolution
		HideSolutionNode = FALSE
	EndGlobalSection
	GlobalSection(ExtensibilityGlobals) = postSolution
		SolutionGuid = {6CDD1F11-2963-425E-8CBB-02F7C6D3A6C9}
	EndGlobalSection
EndGlobal
